
Microsoft Visual Studio Solution File, Format Version 11.00
# Visual Studio 2010
Project("{8BC9CEB8-8B4A-11D0-8D11-00A0C91BC942}") = "gtest", "..\..\External\gtest-1.7.0\msvc\gtest.vcxproj", "{C8F6C172-56F2-4E76-B5FA-C3B423B31BE7}"
EndProject
Project("{8BC9CEB8-8B4A-11D0-8D11-00A0C91BC942}") = "gtest_main", "..\..\External\gtest-1.7.0\msvc\gtest_main.vcxproj", "{3AF54C8A-10BF-4332-9147-F68ED9862032}"
EndProject
Project("{8BC9CEB8-8B4A-11D0-8D11-00A0C91BC942}") = "gtest_unittest", "..\..\External\gtest-1.7.0\msvc\gtest_unittest.vcxproj", "{4D9FDFB5-986A-4139-823C-F4EE0ED481A1}"
EndProject
Project("{8BC9CEB8-8B4A-11D0-8D11-00A0C91BC942}") = "gtest_prod_test", "..\..\External\gtest-1.7.0\msvc\gtest_prod_test.vcxproj", "{24848551-EF4F-47E8-9A9D-EA4D49BC3ECA}"
EndProject
Project("{8BC9CEB8-8B4A-11D0-8D11-00A0C91BC942}") = "EGETests", "EGETests\EGETests.vcxproj", "{4B9D0BDB-A41B-46EC-8906-17FE20AC5264}"
	ProjectSection(ProjectDependencies) = postProject
		{24848551-EF4F-47E8-9A9D-EA4D49BC3ECA} = {24848551-EF4F-47E8-9A9D-EA4D49BC3ECA}
		{C8F6C172-56F2-4E76-B5FA-C3B423B31BE7} = {C8F6C172-56F2-4E76-B5FA-C3B423B31BE7}
		{640BD281-71D7-4CC6-91DB-8381773CC8F4} = {640BD281-71D7-4CC6-91DB-8381773CC8F4}
		{3AF54C8A-10BF-4332-9147-F68ED9862032} = {3AF54C8A-10BF-4332-9147-F68ED9862032}
		{4D9FDFB5-986A-4139-823C-F4EE0ED481A1} = {4D9FDFB5-986A-4139-823C-F4EE0ED481A1}
	EndProjectSection
EndProject
Project("{2150E333-8FDC-42A3-9474-1A3956D46DE8}") = "EGE", "EGE", "{2A97231A-3BF7-46E9-87EF-318ADB58B39F}"
EndProject
Project("{8BC9CEB8-8B4A-11D0-8D11-00A0C91BC942}") = "EGE", "EGE.vcxproj", "{640BD281-71D7-4CC6-91DB-8381773CC8F4}"
	ProjectSection(ProjectDependencies) = postProject
		{A3A84737-5017-4577-B8A2-79429A25B8B6} = {A3A84737-5017-4577-B8A2-79429A25B8B6}
		{9558633A-30AD-4309-BC0F-E9A45DB9B2B9} = {9558633A-30AD-4309-BC0F-E9A45DB9B2B9}
		{0697D285-5C52-44B0-A9F9-11824A857A66} = {0697D285-5C52-44B0-A9F9-11824A857A66}
		{9E7ECDDF-C76E-4013-83A0-7D67125D7511} = {9E7ECDDF-C76E-4013-83A0-7D67125D7511}
		{90B6C2E4-0188-4552-AD48-15C26CE84838} = {90B6C2E4-0188-4552-AD48-15C26CE84838}
	EndProjectSection
EndProject
Project("{8BC9CEB8-8B4A-11D0-8D11-00A0C91BC942}") = "tinyxmlSTL", "..\..\External\tinyxml 2.6.1\tinyxmlSTL.vcxproj", "{A3A84737-5017-4577-B8A2-79429A25B8B6}"
EndProject
Project("{8BC9CEB8-8B4A-11D0-8D11-00A0C91BC942}") = "JpegLib", "..\..\External\JpegLib\JpegLib.vcxproj", "{9E7ECDDF-C76E-4013-83A0-7D67125D7511}"
EndProject
Project("{8BC9CEB8-8B4A-11D0-8D11-00A0C91BC942}") = "libpng", "..\..\External\PNGLib\libpng.vcxproj", "{9558633A-30AD-4309-BC0F-E9A45DB9B2B9}"
EndProject
Project("{8BC9CEB8-8B4A-11D0-8D11-00A0C91BC942}") = "ZLib", "..\..\External\Zlib\ZLib.vcxproj", "{0697D285-5C52-44B0-A9F9-11824A857A66}"
EndProject
Project("{8BC9CEB8-8B4A-11D0-8D11-00A0C91BC942}") = "Box2D", "..\..\External\Box2D 2.1.2\Box2D\Build\Box2D\Box2D.vcxproj", "{90B6C2E4-0188-4552-AD48-15C26CE84838}"
EndProject
Global
	GlobalSection(SolutionConfigurationPlatforms) = preSolution
		Debug - GL3x MT|Win32 = Debug - GL3x MT|Win32
		Debug - GL3x MT|x64 = Debug - GL3x MT|x64
		Debug - OGL FPL MT|Win32 = Debug - OGL FPL MT|Win32
		Debug - OGL FPL MT|x64 = Debug - OGL FPL MT|x64
		Debug - OGL FPL ST|Win32 = Debug - OGL FPL ST|Win32
		Debug - OGL FPL ST|x64 = Debug - OGL FPL ST|x64
		Debug|Win32 = Debug|Win32
		Debug|x64 = Debug|x64
		Release - GL3x MT|Win32 = Release - GL3x MT|Win32
		Release - GL3x MT|x64 = Release - GL3x MT|x64
		Release - OGL FPL MT|Win32 = Release - OGL FPL MT|Win32
		Release - OGL FPL MT|x64 = Release - OGL FPL MT|x64
		Release|Win32 = Release|Win32
		Release|x64 = Release|x64
	EndGlobalSection
	GlobalSection(ProjectConfigurationPlatforms) = postSolution
		{C8F6C172-56F2-4E76-B5FA-C3B423B31BE7}.Debug - GL3x MT|Win32.ActiveCfg = Debug|Win32
		{C8F6C172-56F2-4E76-B5FA-C3B423B31BE7}.Debug - GL3x MT|Win32.Build.0 = Debug|Win32
		{C8F6C172-56F2-4E76-B5FA-C3B423B31BE7}.Debug - GL3x MT|x64.ActiveCfg = Debug|Win32
		{C8F6C172-56F2-4E76-B5FA-C3B423B31BE7}.Debug - OGL FPL MT|Win32.ActiveCfg = Debug|Win32
		{C8F6C172-56F2-4E76-B5FA-C3B423B31BE7}.Debug - OGL FPL MT|Win32.Build.0 = Debug|Win32
		{C8F6C172-56F2-4E76-B5FA-C3B423B31BE7}.Debug - OGL FPL MT|x64.ActiveCfg = Debug|Win32
		{C8F6C172-56F2-4E76-B5FA-C3B423B31BE7}.Debug - OGL FPL ST|Win32.ActiveCfg = Debug|Win32
		{C8F6C172-56F2-4E76-B5FA-C3B423B31BE7}.Debug - OGL FPL ST|Win32.Build.0 = Debug|Win32
		{C8F6C172-56F2-4E76-B5FA-C3B423B31BE7}.Debug - OGL FPL ST|x64.ActiveCfg = Debug|Win32
		{C8F6C172-56F2-4E76-B5FA-C3B423B31BE7}.Debug|Win32.ActiveCfg = Debug|Win32
		{C8F6C172-56F2-4E76-B5FA-C3B423B31BE7}.Debug|Win32.Build.0 = Debug|Win32
		{C8F6C172-56F2-4E76-B5FA-C3B423B31BE7}.Debug|x64.ActiveCfg = Debug|Win32
		{C8F6C172-56F2-4E76-B5FA-C3B423B31BE7}.Release - GL3x MT|Win32.ActiveCfg = Release|Win32
		{C8F6C172-56F2-4E76-B5FA-C3B423B31BE7}.Release - GL3x MT|Win32.Build.0 = Release|Win32
		{C8F6C172-56F2-4E76-B5FA-C3B423B31BE7}.Release - GL3x MT|x64.ActiveCfg = Release|Win32
		{C8F6C172-56F2-4E76-B5FA-C3B423B31BE7}.Release - OGL FPL MT|Win32.ActiveCfg = Release|Win32
		{C8F6C172-56F2-4E76-B5FA-C3B423B31BE7}.Release - OGL FPL MT|Win32.Build.0 = Release|Win32
		{C8F6C172-56F2-4E76-B5FA-C3B423B31BE7}.Release - OGL FPL MT|x64.ActiveCfg = Release|Win32
		{C8F6C172-56F2-4E76-B5FA-C3B423B31BE7}.Release|Win32.ActiveCfg = Release|Win32
		{C8F6C172-56F2-4E76-B5FA-C3B423B31BE7}.Release|Win32.Build.0 = Release|Win32
		{C8F6C172-56F2-4E76-B5FA-C3B423B31BE7}.Release|x64.ActiveCfg = Release|Win32
		{3AF54C8A-10BF-4332-9147-F68ED9862032}.Debug - GL3x MT|Win32.ActiveCfg = Debug|Win32
		{3AF54C8A-10BF-4332-9147-F68ED9862032}.Debug - GL3x MT|Win32.Build.0 = Debug|Win32
		{3AF54C8A-10BF-4332-9147-F68ED9862032}.Debug - GL3x MT|x64.ActiveCfg = Debug|Win32
		{3AF54C8A-10BF-4332-9147-F68ED9862032}.Debug - OGL FPL MT|Win32.ActiveCfg = Debug|Win32
		{3AF54C8A-10BF-4332-9147-F68ED9862032}.Debug - OGL FPL MT|Win32.Build.0 = Debug|Win32
		{3AF54C8A-10BF-4332-9147-F68ED9862032}.Debug - OGL FPL MT|x64.ActiveCfg = Debug|Win32
		{3AF54C8A-10BF-4332-9147-F68ED9862032}.Debug - OGL FPL ST|Win32.ActiveCfg = Debug|Win32
		{3AF54C8A-10BF-4332-9147-F68ED9862032}.Debug - OGL FPL ST|Win32.Build.0 = Debug|Win32
		{3AF54C8A-10BF-4332-9147-F68ED9862032}.Debug - OGL FPL ST|x64.ActiveCfg = Debug|Win32
		{3AF54C8A-10BF-4332-9147-F68ED9862032}.Debug|Win32.ActiveCfg = Debug|Win32
		{3AF54C8A-10BF-4332-9147-F68ED9862032}.Debug|Win32.Build.0 = Debug|Win32
		{3AF54C8A-10BF-4332-9147-F68ED9862032}.Debug|x64.ActiveCfg = Debug|Win32
		{3AF54C8A-10BF-4332-9147-F68ED9862032}.Release - GL3x MT|Win32.ActiveCfg = Release|Win32
		{3AF54C8A-10BF-4332-9147-F68ED9862032}.Release - GL3x MT|Win32.Build.0 = Release|Win32
		{3AF54C8A-10BF-4332-9147-F68ED9862032}.Release - GL3x MT|x64.ActiveCfg = Release|Win32
		{3AF54C8A-10BF-4332-9147-F68ED9862032}.Release - OGL FPL MT|Win32.ActiveCfg = Release|Win32
		{3AF54C8A-10BF-4332-9147-F68ED9862032}.Release - OGL FPL MT|Win32.Build.0 = Release|Win32
		{3AF54C8A-10BF-4332-9147-F68ED9862032}.Release - OGL FPL MT|x64.ActiveCfg = Release|Win32
		{3AF54C8A-10BF-4332-9147-F68ED9862032}.Release|Win32.ActiveCfg = Release|Win32
		{3AF54C8A-10BF-4332-9147-F68ED9862032}.Release|Win32.Build.0 = Release|Win32
		{3AF54C8A-10BF-4332-9147-F68ED9862032}.Release|x64.ActiveCfg = Release|Win32
		{4D9FDFB5-986A-4139-823C-F4EE0ED481A1}.Debug - GL3x MT|Win32.ActiveCfg = Debug|Win32
		{4D9FDFB5-986A-4139-823C-F4EE0ED481A1}.Debug - GL3x MT|Win32.Build.0 = Debug|Win32
		{4D9FDFB5-986A-4139-823C-F4EE0ED481A1}.Debug - GL3x MT|x64.ActiveCfg = Debug|Win32
		{4D9FDFB5-986A-4139-823C-F4EE0ED481A1}.Debug - OGL FPL MT|Win32.ActiveCfg = Debug|Win32
		{4D9FDFB5-986A-4139-823C-F4EE0ED481A1}.Debug - OGL FPL MT|Win32.Build.0 = Debug|Win32
		{4D9FDFB5-986A-4139-823C-F4EE0ED481A1}.Debug - OGL FPL MT|x64.ActiveCfg = Debug|Win32
		{4D9FDFB5-986A-4139-823C-F4EE0ED481A1}.Debug - OGL FPL ST|Win32.ActiveCfg = Debug|Win32
		{4D9FDFB5-986A-4139-823C-F4EE0ED481A1}.Debug - OGL FPL ST|Win32.Build.0 = Debug|Win32
		{4D9FDFB5-986A-4139-823C-F4EE0ED481A1}.Debug - OGL FPL ST|x64.ActiveCfg = Debug|Win32
		{4D9FDFB5-986A-4139-823C-F4EE0ED481A1}.Debug|Win32.ActiveCfg = Debug|Win32
		{4D9FDFB5-986A-4139-823C-F4EE0ED481A1}.Debug|Win32.Build.0 = Debug|Win32
		{4D9FDFB5-986A-4139-823C-F4EE0ED481A1}.Debug|x64.ActiveCfg = Debug|Win32
		{4D9FDFB5-986A-4139-823C-F4EE0ED481A1}.Release - GL3x MT|Win32.ActiveCfg = Release|Win32
		{4D9FDFB5-986A-4139-823C-F4EE0ED481A1}.Release - GL3x MT|Win32.Build.0 = Release|Win32
		{4D9FDFB5-986A-4139-823C-F4EE0ED481A1}.Release - GL3x MT|x64.ActiveCfg = Release|Win32
		{4D9FDFB5-986A-4139-823C-F4EE0ED481A1}.Release - OGL FPL MT|Win32.ActiveCfg = Release|Win32
		{4D9FDFB5-986A-4139-823C-F4EE0ED481A1}.Release - OGL FPL MT|Win32.Build.0 = Release|Win32
		{4D9FDFB5-986A-4139-823C-F4EE0ED481A1}.Release - OGL FPL MT|x64.ActiveCfg = Release|Win32
		{4D9FDFB5-986A-4139-823C-F4EE0ED481A1}.Release|Win32.ActiveCfg = Release|Win32
		{4D9FDFB5-986A-4139-823C-F4EE0ED481A1}.Release|Win32.Build.0 = Release|Win32
		{4D9FDFB5-986A-4139-823C-F4EE0ED481A1}.Release|x64.ActiveCfg = Release|Win32
		{24848551-EF4F-47E8-9A9D-EA4D49BC3ECA}.Debug - GL3x MT|Win32.ActiveCfg = Debug|Win32
		{24848551-EF4F-47E8-9A9D-EA4D49BC3ECA}.Debug - GL3x MT|Win32.Build.0 = Debug|Win32
		{24848551-EF4F-47E8-9A9D-EA4D49BC3ECA}.Debug - GL3x MT|x64.ActiveCfg = Debug|Win32
		{24848551-EF4F-47E8-9A9D-EA4D49BC3ECA}.Debug - OGL FPL MT|Win32.ActiveCfg = Debug|Win32
		{24848551-EF4F-47E8-9A9D-EA4D49BC3ECA}.Debug - OGL FPL MT|Win32.Build.0 = Debug|Win32
		{24848551-EF4F-47E8-9A9D-EA4D49BC3ECA}.Debug - OGL FPL MT|x64.ActiveCfg = Debug|Win32
		{24848551-EF4F-47E8-9A9D-EA4D49BC3ECA}.Debug - OGL FPL ST|Win32.ActiveCfg = Debug|Win32
		{24848551-EF4F-47E8-9A9D-EA4D49BC3ECA}.Debug - OGL FPL ST|Win32.Build.0 = Debug|Win32
		{24848551-EF4F-47E8-9A9D-EA4D49BC3ECA}.Debug - OGL FPL ST|x64.ActiveCfg = Debug|Win32
		{24848551-EF4F-47E8-9A9D-EA4D49BC3ECA}.Debug|Win32.ActiveCfg = Debug|Win32
		{24848551-EF4F-47E8-9A9D-EA4D49BC3ECA}.Debug|Win32.Build.0 = Debug|Win32
		{24848551-EF4F-47E8-9A9D-EA4D49BC3ECA}.Debug|x64.ActiveCfg = Debug|Win32
		{24848551-EF4F-47E8-9A9D-EA4D49BC3ECA}.Release - GL3x MT|Win32.ActiveCfg = Release|Win32
		{24848551-EF4F-47E8-9A9D-EA4D49BC3ECA}.Release - GL3x MT|Win32.Build.0 = Release|Win32
		{24848551-EF4F-47E8-9A9D-EA4D49BC3ECA}.Release - GL3x MT|x64.ActiveCfg = Release|Win32
		{24848551-EF4F-47E8-9A9D-EA4D49BC3ECA}.Release - OGL FPL MT|Win32.ActiveCfg = Release|Win32
		{24848551-EF4F-47E8-9A9D-EA4D49BC3ECA}.Release - OGL FPL MT|Win32.Build.0 = Release|Win32
		{24848551-EF4F-47E8-9A9D-EA4D49BC3ECA}.Release - OGL FPL MT|x64.ActiveCfg = Release|Win32
		{24848551-EF4F-47E8-9A9D-EA4D49BC3ECA}.Release|Win32.ActiveCfg = Release|Win32
		{24848551-EF4F-47E8-9A9D-EA4D49BC3ECA}.Release|Win32.Build.0 = Release|Win32
		{24848551-EF4F-47E8-9A9D-EA4D49BC3ECA}.Release|x64.ActiveCfg = Release|Win32
		{4B9D0BDB-A41B-46EC-8906-17FE20AC5264}.Debug - GL3x MT|Win32.ActiveCfg = Debug|Win32
		{4B9D0BDB-A41B-46EC-8906-17FE20AC5264}.Debug - GL3x MT|Win32.Build.0 = Debug|Win32
		{4B9D0BDB-A41B-46EC-8906-17FE20AC5264}.Debug - GL3x MT|x64.ActiveCfg = Debug|Win32
		{4B9D0BDB-A41B-46EC-8906-17FE20AC5264}.Debug - OGL FPL MT|Win32.ActiveCfg = Debug|Win32
		{4B9D0BDB-A41B-46EC-8906-17FE20AC5264}.Debug - OGL FPL MT|Win32.Build.0 = Debug|Win32
		{4B9D0BDB-A41B-46EC-8906-17FE20AC5264}.Debug - OGL FPL MT|x64.ActiveCfg = Debug|Win32
		{4B9D0BDB-A41B-46EC-8906-17FE20AC5264}.Debug - OGL FPL ST|Win32.ActiveCfg = Debug|Win32
		{4B9D0BDB-A41B-46EC-8906-17FE20AC5264}.Debug - OGL FPL ST|Win32.Build.0 = Debug|Win32
		{4B9D0BDB-A41B-46EC-8906-17FE20AC5264}.Debug - OGL FPL ST|x64.ActiveCfg = Debug|Win32
		{4B9D0BDB-A41B-46EC-8906-17FE20AC5264}.Debug|Win32.ActiveCfg = Debug|Win32
		{4B9D0BDB-A41B-46EC-8906-17FE20AC5264}.Debug|Win32.Build.0 = Debug|Win32
		{4B9D0BDB-A41B-46EC-8906-17FE20AC5264}.Debug|x64.ActiveCfg = Debug|Win32
		{4B9D0BDB-A41B-46EC-8906-17FE20AC5264}.Release - GL3x MT|Win32.ActiveCfg = Release|Win32
		{4B9D0BDB-A41B-46EC-8906-17FE20AC5264}.Release - GL3x MT|Win32.Build.0 = Release|Win32
		{4B9D0BDB-A41B-46EC-8906-17FE20AC5264}.Release - GL3x MT|x64.ActiveCfg = Release|Win32
		{4B9D0BDB-A41B-46EC-8906-17FE20AC5264}.Release - OGL FPL MT|Win32.ActiveCfg = Release|Win32
		{4B9D0BDB-A41B-46EC-8906-17FE20AC5264}.Release - OGL FPL MT|Win32.Build.0 = Release|Win32
		{4B9D0BDB-A41B-46EC-8906-17FE20AC5264}.Release - OGL FPL MT|x64.ActiveCfg = Release|Win32
		{4B9D0BDB-A41B-46EC-8906-17FE20AC5264}.Release|Win32.ActiveCfg = Release|Win32
		{4B9D0BDB-A41B-46EC-8906-17FE20AC5264}.Release|Win32.Build.0 = Release|Win32
		{4B9D0BDB-A41B-46EC-8906-17FE20AC5264}.Release|x64.ActiveCfg = Release|Win32
		{640BD281-71D7-4CC6-91DB-8381773CC8F4}.Debug - GL3x MT|Win32.ActiveCfg = Debug - GL3x MT|Win32
		{640BD281-71D7-4CC6-91DB-8381773CC8F4}.Debug - GL3x MT|Win32.Build.0 = Debug - GL3x MT|Win32
		{640BD281-71D7-4CC6-91DB-8381773CC8F4}.Debug - GL3x MT|x64.ActiveCfg = Debug - GL3x MT|Win32
		{640BD281-71D7-4CC6-91DB-8381773CC8F4}.Debug - OGL FPL MT|Win32.ActiveCfg = Debug - OGL FPL MT|Win32
		{640BD281-71D7-4CC6-91DB-8381773CC8F4}.Debug - OGL FPL MT|Win32.Build.0 = Debug - OGL FPL MT|Win32
		{640BD281-71D7-4CC6-91DB-8381773CC8F4}.Debug - OGL FPL MT|x64.ActiveCfg = Debug - OGL FPL MT|Win32
		{640BD281-71D7-4CC6-91DB-8381773CC8F4}.Debug - OGL FPL ST|Win32.ActiveCfg = Debug - OGL FPL ST|Win32
		{640BD281-71D7-4CC6-91DB-8381773CC8F4}.Debug - OGL FPL ST|Win32.Build.0 = Debug - OGL FPL ST|Win32
		{640BD281-71D7-4CC6-91DB-8381773CC8F4}.Debug - OGL FPL ST|x64.ActiveCfg = Debug - OGL FPL ST|Win32
		{640BD281-71D7-4CC6-91DB-8381773CC8F4}.Debug|Win32.ActiveCfg = Debug - OGL FPL MT|Win32
		{640BD281-71D7-4CC6-91DB-8381773CC8F4}.Debug|Win32.Build.0 = Debug - OGL FPL MT|Win32
		{640BD281-71D7-4CC6-91DB-8381773CC8F4}.Debug|x64.ActiveCfg = Debug - OGL FPL ST|Win32
		{640BD281-71D7-4CC6-91DB-8381773CC8F4}.Release - GL3x MT|Win32.ActiveCfg = Release - GL3x MT|Win32
		{640BD281-71D7-4CC6-91DB-8381773CC8F4}.Release - GL3x MT|Win32.Build.0 = Release - GL3x MT|Win32
		{640BD281-71D7-4CC6-91DB-8381773CC8F4}.Release - GL3x MT|x64.ActiveCfg = Release - GL3x MT|Win32
		{640BD281-71D7-4CC6-91DB-8381773CC8F4}.Release - OGL FPL MT|Win32.ActiveCfg = Release - OGL FPL MT|Win32
		{640BD281-71D7-4CC6-91DB-8381773CC8F4}.Release - OGL FPL MT|Win32.Build.0 = Release - OGL FPL MT|Win32
		{640BD281-71D7-4CC6-91DB-8381773CC8F4}.Release - OGL FPL MT|x64.ActiveCfg = Release - OGL FPL MT|Win32
		{640BD281-71D7-4CC6-91DB-8381773CC8F4}.Release|Win32.ActiveCfg = Release - OGL FPL MT|Win32
		{640BD281-71D7-4CC6-91DB-8381773CC8F4}.Release|Win32.Build.0 = Release - OGL FPL MT|Win32
		{640BD281-71D7-4CC6-91DB-8381773CC8F4}.Release|x64.ActiveCfg = Release - OGL FPL MT|Win32
		{A3A84737-5017-4577-B8A2-79429A25B8B6}.Debug - GL3x MT|Win32.ActiveCfg = Debug|Win32
		{A3A84737-5017-4577-B8A2-79429A25B8B6}.Debug - GL3x MT|Win32.Build.0 = Debug|Win32
		{A3A84737-5017-4577-B8A2-79429A25B8B6}.Debug - GL3x MT|x64.ActiveCfg = Debug|Win32
		{A3A84737-5017-4577-B8A2-79429A25B8B6}.Debug - OGL FPL MT|Win32.ActiveCfg = Debug|Win32
		{A3A84737-5017-4577-B8A2-79429A25B8B6}.Debug - OGL FPL MT|Win32.Build.0 = Debug|Win32
		{A3A84737-5017-4577-B8A2-79429A25B8B6}.Debug - OGL FPL MT|x64.ActiveCfg = Debug|Win32
		{A3A84737-5017-4577-B8A2-79429A25B8B6}.Debug - OGL FPL ST|Win32.ActiveCfg = Debug|Win32
		{A3A84737-5017-4577-B8A2-79429A25B8B6}.Debug - OGL FPL ST|Win32.Build.0 = Debug|Win32
		{A3A84737-5017-4577-B8A2-79429A25B8B6}.Debug - OGL FPL ST|x64.ActiveCfg = Debug|Win32
		{A3A84737-5017-4577-B8A2-79429A25B8B6}.Debug|Win32.ActiveCfg = Debug|Win32
		{A3A84737-5017-4577-B8A2-79429A25B8B6}.Debug|Win32.Build.0 = Debug|Win32
		{A3A84737-5017-4577-B8A2-79429A25B8B6}.Debug|x64.ActiveCfg = Debug|Win32
		{A3A84737-5017-4577-B8A2-79429A25B8B6}.Release - GL3x MT|Win32.ActiveCfg = Release|Win32
		{A3A84737-5017-4577-B8A2-79429A25B8B6}.Release - GL3x MT|Win32.Build.0 = Release|Win32
		{A3A84737-5017-4577-B8A2-79429A25B8B6}.Release - GL3x MT|x64.ActiveCfg = Release|Win32
		{A3A84737-5017-4577-B8A2-79429A25B8B6}.Release - OGL FPL MT|Win32.ActiveCfg = Release|Win32
		{A3A84737-5017-4577-B8A2-79429A25B8B6}.Release - OGL FPL MT|Win32.Build.0 = Release|Win32
		{A3A84737-5017-4577-B8A2-79429A25B8B6}.Release - OGL FPL MT|x64.ActiveCfg = Release|Win32
		{A3A84737-5017-4577-B8A2-79429A25B8B6}.Release|Win32.ActiveCfg = Release|Win32
		{A3A84737-5017-4577-B8A2-79429A25B8B6}.Release|Win32.Build.0 = Release|Win32
		{A3A84737-5017-4577-B8A2-79429A25B8B6}.Release|x64.ActiveCfg = Release|Win32
		{9E7ECDDF-C76E-4013-83A0-7D67125D7511}.Debug - GL3x MT|Win32.ActiveCfg = Debug|Win32
		{9E7ECDDF-C76E-4013-83A0-7D67125D7511}.Debug - GL3x MT|Win32.Build.0 = Debug|Win32
		{9E7ECDDF-C76E-4013-83A0-7D67125D7511}.Debug - GL3x MT|x64.ActiveCfg = Debug|Win32
		{9E7ECDDF-C76E-4013-83A0-7D67125D7511}.Debug - OGL FPL MT|Win32.ActiveCfg = Debug|Win32
		{9E7ECDDF-C76E-4013-83A0-7D67125D7511}.Debug - OGL FPL MT|Win32.Build.0 = Debug|Win32
		{9E7ECDDF-C76E-4013-83A0-7D67125D7511}.Debug - OGL FPL MT|x64.ActiveCfg = Debug|Win32
		{9E7ECDDF-C76E-4013-83A0-7D67125D7511}.Debug - OGL FPL ST|Win32.ActiveCfg = Debug|Win32
		{9E7ECDDF-C76E-4013-83A0-7D67125D7511}.Debug - OGL FPL ST|Win32.Build.0 = Debug|Win32
		{9E7ECDDF-C76E-4013-83A0-7D67125D7511}.Debug - OGL FPL ST|x64.ActiveCfg = Debug|Win32
		{9E7ECDDF-C76E-4013-83A0-7D67125D7511}.Debug|Win32.ActiveCfg = Debug|Win32
		{9E7ECDDF-C76E-4013-83A0-7D67125D7511}.Debug|Win32.Build.0 = Debug|Win32
		{9E7ECDDF-C76E-4013-83A0-7D67125D7511}.Debug|x64.ActiveCfg = Debug|Win32
		{9E7ECDDF-C76E-4013-83A0-7D67125D7511}.Release - GL3x MT|Win32.ActiveCfg = Release|Win32
		{9E7ECDDF-C76E-4013-83A0-7D67125D7511}.Release - GL3x MT|Win32.Build.0 = Release|Win32
		{9E7ECDDF-C76E-4013-83A0-7D67125D7511}.Release - GL3x MT|x64.ActiveCfg = Release|Win32
		{9E7ECDDF-C76E-4013-83A0-7D67125D7511}.Release - OGL FPL MT|Win32.ActiveCfg = Release|Win32
		{9E7ECDDF-C76E-4013-83A0-7D67125D7511}.Release - OGL FPL MT|Win32.Build.0 = Release|Win32
		{9E7ECDDF-C76E-4013-83A0-7D67125D7511}.Release - OGL FPL MT|x64.ActiveCfg = Release|Win32
		{9E7ECDDF-C76E-4013-83A0-7D67125D7511}.Release|Win32.ActiveCfg = Release|Win32
		{9E7ECDDF-C76E-4013-83A0-7D67125D7511}.Release|Win32.Build.0 = Release|Win32
		{9E7ECDDF-C76E-4013-83A0-7D67125D7511}.Release|x64.ActiveCfg = Release|Win32
		{9558633A-30AD-4309-BC0F-E9A45DB9B2B9}.Debug - GL3x MT|Win32.ActiveCfg = Debug|Win32
		{9558633A-30AD-4309-BC0F-E9A45DB9B2B9}.Debug - GL3x MT|Win32.Build.0 = Debug|Win32
		{9558633A-30AD-4309-BC0F-E9A45DB9B2B9}.Debug - GL3x MT|x64.ActiveCfg = Debug|Win32
		{9558633A-30AD-4309-BC0F-E9A45DB9B2B9}.Debug - OGL FPL MT|Win32.ActiveCfg = Debug|Win32
		{9558633A-30AD-4309-BC0F-E9A45DB9B2B9}.Debug - OGL FPL MT|Win32.Build.0 = Debug|Win32
		{9558633A-30AD-4309-BC0F-E9A45DB9B2B9}.Debug - OGL FPL MT|x64.ActiveCfg = Debug|Win32
		{9558633A-30AD-4309-BC0F-E9A45DB9B2B9}.Debug - OGL FPL ST|Win32.ActiveCfg = Debug|Win32
		{9558633A-30AD-4309-BC0F-E9A45DB9B2B9}.Debug - OGL FPL ST|Win32.Build.0 = Debug|Win32
		{9558633A-30AD-4309-BC0F-E9A45DB9B2B9}.Debug - OGL FPL ST|x64.ActiveCfg = Debug|Win32
		{9558633A-30AD-4309-BC0F-E9A45DB9B2B9}.Debug|Win32.ActiveCfg = Debug|Win32
		{9558633A-30AD-4309-BC0F-E9A45DB9B2B9}.Debug|Win32.Build.0 = Debug|Win32
		{9558633A-30AD-4309-BC0F-E9A45DB9B2B9}.Debug|x64.ActiveCfg = Debug|Win32
		{9558633A-30AD-4309-BC0F-E9A45DB9B2B9}.Release - GL3x MT|Win32.ActiveCfg = Release|Win32
		{9558633A-30AD-4309-BC0F-E9A45DB9B2B9}.Release - GL3x MT|Win32.Build.0 = Release|Win32
		{9558633A-30AD-4309-BC0F-E9A45DB9B2B9}.Release - GL3x MT|x64.ActiveCfg = Release|Win32
		{9558633A-30AD-4309-BC0F-E9A45DB9B2B9}.Release - OGL FPL MT|Win32.ActiveCfg = Release|Win32
		{9558633A-30AD-4309-BC0F-E9A45DB9B2B9}.Release - OGL FPL MT|Win32.Build.0 = Release|Win32
		{9558633A-30AD-4309-BC0F-E9A45DB9B2B9}.Release - OGL FPL MT|x64.ActiveCfg = Release|Win32
		{9558633A-30AD-4309-BC0F-E9A45DB9B2B9}.Release|Win32.ActiveCfg = Release|Win32
		{9558633A-30AD-4309-BC0F-E9A45DB9B2B9}.Release|Win32.Build.0 = Release|Win32
		{9558633A-30AD-4309-BC0F-E9A45DB9B2B9}.Release|x64.ActiveCfg = Release|Win32
		{0697D285-5C52-44B0-A9F9-11824A857A66}.Debug - GL3x MT|Win32.ActiveCfg = Debug|Win32
		{0697D285-5C52-44B0-A9F9-11824A857A66}.Debug - GL3x MT|Win32.Build.0 = Debug|Win32
		{0697D285-5C52-44B0-A9F9-11824A857A66}.Debug - GL3x MT|x64.ActiveCfg = Debug|Win32
		{0697D285-5C52-44B0-A9F9-11824A857A66}.Debug - OGL FPL MT|Win32.ActiveCfg = Debug|Win32
		{0697D285-5C52-44B0-A9F9-11824A857A66}.Debug - OGL FPL MT|Win32.Build.0 = Debug|Win32
		{0697D285-5C52-44B0-A9F9-11824A857A66}.Debug - OGL FPL MT|x64.ActiveCfg = Debug|Win32
		{0697D285-5C52-44B0-A9F9-11824A857A66}.Debug - OGL FPL ST|Win32.ActiveCfg = Debug|Win32
		{0697D285-5C52-44B0-A9F9-11824A857A66}.Debug - OGL FPL ST|Win32.Build.0 = Debug|Win32
		{0697D285-5C52-44B0-A9F9-11824A857A66}.Debug - OGL FPL ST|x64.ActiveCfg = Debug|Win32
		{0697D285-5C52-44B0-A9F9-11824A857A66}.Debug|Win32.ActiveCfg = Debug|Win32
		{0697D285-5C52-44B0-A9F9-11824A857A66}.Debug|Win32.Build.0 = Debug|Win32
		{0697D285-5C52-44B0-A9F9-11824A857A66}.Debug|x64.ActiveCfg = Debug|Win32
		{0697D285-5C52-44B0-A9F9-11824A857A66}.Release - GL3x MT|Win32.ActiveCfg = Release|Win32
		{0697D285-5C52-44B0-A9F9-11824A857A66}.Release - GL3x MT|Win32.Build.0 = Release|Win32
		{0697D285-5C52-44B0-A9F9-11824A857A66}.Release - GL3x MT|x64.ActiveCfg = Release|Win32
		{0697D285-5C52-44B0-A9F9-11824A857A66}.Release - OGL FPL MT|Win32.ActiveCfg = Release|Win32
		{0697D285-5C52-44B0-A9F9-11824A857A66}.Release - OGL FPL MT|Win32.Build.0 = Release|Win32
		{0697D285-5C52-44B0-A9F9-11824A857A66}.Release - OGL FPL MT|x64.ActiveCfg = Release|Win32
		{0697D285-5C52-44B0-A9F9-11824A857A66}.Release|Win32.ActiveCfg = Release|Win32
		{0697D285-5C52-44B0-A9F9-11824A857A66}.Release|Win32.Build.0 = Release|Win32
		{0697D285-5C52-44B0-A9F9-11824A857A66}.Release|x64.ActiveCfg = Release|Win32
		{90B6C2E4-0188-4552-AD48-15C26CE84838}.Debug - GL3x MT|Win32.ActiveCfg = Debug|x64
		{90B6C2E4-0188-4552-AD48-15C26CE84838}.Debug - GL3x MT|x64.ActiveCfg = Debug|x64
		{90B6C2E4-0188-4552-AD48-15C26CE84838}.Debug - GL3x MT|x64.Build.0 = Debug|x64
		{90B6C2E4-0188-4552-AD48-15C26CE84838}.Debug - OGL FPL MT|Win32.ActiveCfg = Debug|x64
		{90B6C2E4-0188-4552-AD48-15C26CE84838}.Debug - OGL FPL MT|x64.ActiveCfg = Debug|x64
		{90B6C2E4-0188-4552-AD48-15C26CE84838}.Debug - OGL FPL MT|x64.Build.0 = Debug|x64
		{90B6C2E4-0188-4552-AD48-15C26CE84838}.Debug - OGL FPL ST|Win32.ActiveCfg = Debug|x64
		{90B6C2E4-0188-4552-AD48-15C26CE84838}.Debug - OGL FPL ST|x64.ActiveCfg = Debug|x64
		{90B6C2E4-0188-4552-AD48-15C26CE84838}.Debug - OGL FPL ST|x64.Build.0 = Debug|x64
		{90B6C2E4-0188-4552-AD48-15C26CE84838}.Debug|Win32.ActiveCfg = Debug|Win32
		{90B6C2E4-0188-4552-AD48-15C26CE84838}.Debug|Win32.Build.0 = Debug|Win32
		{90B6C2E4-0188-4552-AD48-15C26CE84838}.Debug|x64.ActiveCfg = Debug|x64
		{90B6C2E4-0188-4552-AD48-15C26CE84838}.Debug|x64.Build.0 = Debug|x64
		{90B6C2E4-0188-4552-AD48-15C26CE84838}.Release - GL3x MT|Win32.ActiveCfg = Release|x64
		{90B6C2E4-0188-4552-AD48-15C26CE84838}.Release - GL3x MT|x64.ActiveCfg = Release|x64
		{90B6C2E4-0188-4552-AD48-15C26CE84838}.Release - GL3x MT|x64.Build.0 = Release|x64
		{90B6C2E4-0188-4552-AD48-15C26CE84838}.Release - OGL FPL MT|Win32.ActiveCfg = Release|x64
		{90B6C2E4-0188-4552-AD48-15C26CE84838}.Release - OGL FPL MT|x64.ActiveCfg = Release|x64
		{90B6C2E4-0188-4552-AD48-15C26CE84838}.Release - OGL FPL MT|x64.Build.0 = Release|x64
		{90B6C2E4-0188-4552-AD48-15C26CE84838}.Release|Win32.ActiveCfg = Release|Win32
		{90B6C2E4-0188-4552-AD48-15C26CE84838}.Release|Win32.Build.0 = Release|Win32
		{90B6C2E4-0188-4552-AD48-15C26CE84838}.Release|x64.ActiveCfg = Release|x64
		{90B6C2E4-0188-4552-AD48-15C26CE84838}.Release|x64.Build.0 = Release|x64
	EndGlobalSection
	GlobalSection(SolutionProperties) = preSolution
		HideSolutionNode = FALSE
	EndGlobalSection
	GlobalSection(NestedProjects) = preSolution
		{640BD281-71D7-4CC6-91DB-8381773CC8F4} = {2A97231A-3BF7-46E9-87EF-318ADB58B39F}
		{A3A84737-5017-4577-B8A2-79429A25B8B6} = {2A97231A-3BF7-46E9-87EF-318ADB58B39F}
		{9E7ECDDF-C76E-4013-83A0-7D67125D7511} = {2A97231A-3BF7-46E9-87EF-318ADB58B39F}
		{9558633A-30AD-4309-BC0F-E9A45DB9B2B9} = {2A97231A-3BF7-46E9-87EF-318ADB58B39F}
		{0697D285-5C52-44B0-A9F9-11824A857A66} = {2A97231A-3BF7-46E9-87EF-318ADB58B39F}
		{90B6C2E4-0188-4552-AD48-15C26CE84838} = {2A97231A-3BF7-46E9-87EF-318ADB58B39F}
	EndGlobalSection
EndGlobal
