<?xml version="1.0" encoding="utf-8"?>
<Project ToolsVersion="4.0" xmlns="http://schemas.microsoft.com/developer/msbuild/2003">
  <ItemGroup>
    <Filter Include="Source Files">
      <UniqueIdentifier>{4FC737F1-C7A5-4376-A066-2A32D752A2FF}</UniqueIdentifier>
      <Extensions>cpp;c;cc;cxx;def;odl;idl;hpj;bat;asm;asmx</Extensions>
    </Filter>
    <Filter Include="Header Files">
      <UniqueIdentifier>{93995380-89BD-4b04-88EB-625FBE52EBFB}</UniqueIdentifier>
      <Extensions>h;hpp;hxx;hm;inl;inc;xsd</Extensions>
    </Filter>
    <Filter Include="Resource Files">
      <UniqueIdentifier>{67DA6AB6-F800-4c08-8B7A-83BB121AAD01}</UniqueIdentifier>
      <Extensions>rc;ico;cur;bmp;dlg;rc2;rct;bin;rgs;gif;jpg;jpeg;jpe;resx;tiff;tif;png;wav;mfcribbon-ms</Extensions>
    </Filter>
    <Filter Include="Tests">
      <UniqueIdentifier>{ae73f28f-1719-467e-bbca-09401ef06215}</UniqueIdentifier>
    </Filter>
    <Filter Include="Tests\Timeline">
      <UniqueIdentifier>{5ab0b2b4-70d4-42fa-8d0b-9c01cb986829}</UniqueIdentifier>
    </Filter>
    <Filter Include="Tests\Curves">
      <UniqueIdentifier>{05bc572b-75eb-4f4c-a2aa-97ea8ed98b25}</UniqueIdentifier>
    </Filter>
    <Filter Include="Tests\Ripples">
      <UniqueIdentifier>{4fd323d0-eaac-4e2a-bdcd-11e5ba109afe}</UniqueIdentifier>
    </Filter>
    <Filter Include="Tests\Render To Texture">
      <UniqueIdentifier>{89173f26-e306-46f6-a829-c47e54e6a3cc}</UniqueIdentifier>
    </Filter>
    <Filter Include="Tests\Lightning">
      <UniqueIdentifier>{f3f48e74-89a3-4fb3-a36f-7f4fe82fb61c}</UniqueIdentifier>
    </Filter>
    <Filter Include="Tests\Particles">
      <UniqueIdentifier>{9082668e-7f5f-4f2d-8c7a-7d9a18f34bf1}</UniqueIdentifier>
    </Filter>
    <Filter Include="Tests\Localization">
      <UniqueIdentifier>{5a792991-be8c-4c05-987c-5c4d9f5d6b89}</UniqueIdentifier>
    </Filter>
    <Filter Include="Tests\Sound">
      <UniqueIdentifier>{7cf6141d-ab29-4646-99a5-a4277d79e28c}</UniqueIdentifier>
    </Filter>
    <Filter Include="Tests\Fonts">
      <UniqueIdentifier>{cf4dc2be-a6ed-4d98-a87c-44a21081d18b}</UniqueIdentifier>
    </Filter>
  </ItemGroup>
  <ItemGroup>
    <ClCompile Include="App.cpp">
      <Filter>Source Files</Filter>
    </ClCompile>
    <ClCompile Include="main.cpp">
      <Filter>Source Files</Filter>
    </ClCompile>
    <ClCompile Include="RenderObject.cpp">
      <Filter>Source Files</Filter>
    </ClCompile>
    <ClCompile Include="Ripples\RipplesTest.cpp">
      <Filter>Tests\Ripples</Filter>
    </ClCompile>
    <ClCompile Include="Curves\CurvesTest.cpp">
      <Filter>Tests\Curves</Filter>
    </ClCompile>
    <ClCompile Include="RenderToTexture\RenderToTextureTest.cpp">
      <Filter>Tests\Render To Texture</Filter>
    </ClCompile>
    <ClCompile Include="Timeline\TimeLineTest.cpp">
      <Filter>Tests\Timeline</Filter>
    </ClCompile>
    <ClCompile Include="Ripples\RippleEffect.cpp">
      <Filter>Tests\Ripples</Filter>
    </ClCompile>
    <ClCompile Include="Lightning\LightningEffect.cpp">
      <Filter>Tests\Lightning</Filter>
    </ClCompile>
    <ClCompile Include="Lightning\LightningTest.cpp">
      <Filter>Tests\Lightning</Filter>
    </ClCompile>
    <ClCompile Include="Particles\ParticleTest.cpp">
      <Filter>Tests\Particles</Filter>
    </ClCompile>
    <ClCompile Include="Localization\LocalizationTest.cpp">
      <Filter>Tests\Localization</Filter>
    </ClCompile>
    <ClCompile Include="Sound\SoundTest.cpp">
      <Filter>Tests\Sound</Filter>
    </ClCompile>
    <ClCompile Include="Fonts\FontsTest.cpp">
      <Filter>Tests\Fonts</Filter>
    </ClCompile>
    <ClCompile Include="Test.cpp">
      <Filter>Tests</Filter>
    </ClCompile>
  </ItemGroup>
  <ItemGroup>
    <ClInclude Include="App.h">
      <Filter>Header Files</Filter>
    </ClInclude>
    <ClInclude Include="RenderObject.h">
      <Filter>Header Files</Filter>
    </ClInclude>
    <ClInclude Include="Test.h">
      <Filter>Tests</Filter>
    </ClInclude>
    <ClInclude Include="Ripples\RipplesTest.h">
      <Filter>Tests\Ripples</Filter>
    </ClInclude>
    <ClInclude Include="Curves\CurvesTest.h">
      <Filter>Tests\Curves</Filter>
    </ClInclude>
    <ClInclude Include="RenderToTexture\RenderToTextureTest.h">
      <Filter>Tests\Render To Texture</Filter>
    </ClInclude>
    <ClInclude Include="Timeline\TimeLineTest.h">
      <Filter>Tests\Timeline</Filter>
    </ClInclude>
    <ClInclude Include="Ripples\RippleEffect.h">
      <Filter>Tests\Ripples</Filter>
    </ClInclude>
    <ClInclude Include="Lightning\LightningEffect.h">
      <Filter>Tests\Lightning</Filter>
    </ClInclude>
    <ClInclude Include="Lightning\LightningTest.h">
      <Filter>Tests\Lightning</Filter>
    </ClInclude>
    <ClInclude Include="Particles\ParticleTest.h">
      <Filter>Tests\Particles</Filter>
    </ClInclude>
    <ClInclude Include="Localization\LocalizationTest.h">
      <Filter>Tests\Localization</Filter>
    </ClInclude>
    <ClInclude Include="Sound\SoundTest.h">
      <Filter>Tests\Sound</Filter>
    </ClInclude>
    <ClInclude Include="Fonts\FontsTest.h">
      <Filter>Tests\Fonts</Filter>
    </ClInclude>
  </ItemGroup>
</Project>