<?xml version="1.0" encoding="utf-8"?>
<Project ToolsVersion="4.0" xmlns="http://schemas.microsoft.com/developer/msbuild/2003">
  <ItemGroup>
    <Filter Include="Source Files">
      <UniqueIdentifier>{4FC737F1-C7A5-4376-A066-2A32D752A2FF}</UniqueIdentifier>
      <Extensions>cpp;c;cc;cxx;def;odl;idl;hpj;bat;asm;asmx</Extensions>
    </Filter>
    <Filter Include="Header Files">
      <UniqueIdentifier>{93995380-89BD-4b04-88EB-625FBE52EBFB}</UniqueIdentifier>
      <Extensions>h;hpp;hxx;hm;inl;inc;xsd</Extensions>
    </Filter>
    <Filter Include="Resource Files">
      <UniqueIdentifier>{67DA6AB6-F800-4c08-8B7A-83BB121AAD01}</UniqueIdentifier>
      <Extensions>rc;ico;cur;bmp;dlg;rc2;rct;bin;rgs;gif;jpg;jpeg;jpe;resx;tiff;tif;png;wav;mfcribbon-ms</Extensions>
    </Filter>
    <Filter Include="Tests">
      <UniqueIdentifier>{ae73f28f-1719-467e-bbca-09401ef06215}</UniqueIdentifier>
    </Filter>
    <Filter Include="Tests\RenderToTexture">
      <UniqueIdentifier>{89173f26-e306-46f6-a829-c47e54e6a3cc}</UniqueIdentifier>
    </Filter>
    <Filter Include="Tests\Timeline">
      <UniqueIdentifier>{5ab0b2b4-70d4-42fa-8d0b-9c01cb986829}</UniqueIdentifier>
    </Filter>
    <Filter Include="Tests\Curves">
      <UniqueIdentifier>{05bc572b-75eb-4f4c-a2aa-97ea8ed98b25}</UniqueIdentifier>
    </Filter>
  </ItemGroup>
  <ItemGroup>
    <ClCompile Include="App.cpp">
      <Filter>Source Files</Filter>
    </ClCompile>
    <ClCompile Include="main.cpp">
      <Filter>Source Files</Filter>
    </ClCompile>
    <ClCompile Include="RenderObject.cpp">
      <Filter>Source Files</Filter>
    </ClCompile>
    <ClCompile Include="RenderToTextureTest.cpp">
      <Filter>Tests\RenderToTexture</Filter>
    </ClCompile>
    <ClCompile Include="TimelineTest.cpp">
      <Filter>Tests\Timeline</Filter>
    </ClCompile>
    <ClCompile Include="CurvesTest.cpp">
      <Filter>Tests\Curves</Filter>
    </ClCompile>
  </ItemGroup>
  <ItemGroup>
    <ClInclude Include="App.h">
      <Filter>Header Files</Filter>
    </ClInclude>
    <ClInclude Include="RenderObject.h">
      <Filter>Header Files</Filter>
    </ClInclude>
    <ClInclude Include="RenderToTextureTest.h">
      <Filter>Tests\RenderToTexture</Filter>
    </ClInclude>
    <ClInclude Include="TimelineTest.h">
      <Filter>Tests\Timeline</Filter>
    </ClInclude>
    <ClInclude Include="Test.h">
      <Filter>Tests</Filter>
    </ClInclude>
    <ClInclude Include="CurvesTest.h">
      <Filter>Tests\Curves</Filter>
    </ClInclude>
  </ItemGroup>
</Project>