<?xml version="1.0" encoding="utf-8"?>
<Project ToolsVersion="4.0" xmlns="http://schemas.microsoft.com/developer/msbuild/2003">
  <ItemGroup>
    <Filter Include="Generated Files">
      <UniqueIdentifier>{71ED8ED8-ACB9-4CE9-BBE1-E00B30144E11}</UniqueIdentifier>
      <Extensions>moc;h;cpp</Extensions>
      <SourceControlFiles>False</SourceControlFiles>
    </Filter>
    <Filter Include="Form Files">
      <UniqueIdentifier>{99349809-55BA-4b9d-BF79-8FDBB0286EB3}</UniqueIdentifier>
      <Extensions>ui</Extensions>
      <ParseFiles>true</ParseFiles>
    </Filter>
    <Filter Include="Generated Files\Debug">
      <UniqueIdentifier>{d6a41755-4f1d-42db-9dca-65d949f8169d}</UniqueIdentifier>
      <Extensions>cpp;moc</Extensions>
      <SourceControlFiles>False</SourceControlFiles>
    </Filter>
    <Filter Include="Generated Files\Release">
      <UniqueIdentifier>{80a99484-4de7-471a-9ef7-4bff61126a93}</UniqueIdentifier>
      <Extensions>cpp;moc</Extensions>
      <SourceControlFiles>False</SourceControlFiles>
    </Filter>
    <Filter Include="Source Files">
      <UniqueIdentifier>{4d5001c7-47af-41be-8d26-f5c2fc96845f}</UniqueIdentifier>
    </Filter>
    <Filter Include="Header Files">
      <UniqueIdentifier>{0da77a85-6834-4772-8652-2ee6367a3ed4}</UniqueIdentifier>
    </Filter>
    <Filter Include="Header Files\Juice Jumpers">
      <UniqueIdentifier>{621af3b3-c4b6-4b96-b75e-cbe11134596d}</UniqueIdentifier>
    </Filter>
    <Filter Include="Source Files\Juice Jumpers">
      <UniqueIdentifier>{a72d1651-53e5-4ac7-adf4-6ce1f03915af}</UniqueIdentifier>
    </Filter>
    <Filter Include="Header Files\Resource Library">
      <UniqueIdentifier>{cc73e0f4-79f4-4308-804d-7f8ac9328443}</UniqueIdentifier>
    </Filter>
    <Filter Include="Source Files\Resource Library">
      <UniqueIdentifier>{15b7914a-600e-4a22-9dab-5507788f3e59}</UniqueIdentifier>
    </Filter>
  </ItemGroup>
  <ItemGroup>
    <ClInclude Include="GeneratedFiles\ui_mainwindow.h">
      <Filter>Generated Files</Filter>
    </ClInclude>
    <ClInclude Include="GeneratedFiles\ui_newproject.h">
      <Filter>Generated Files</Filter>
    </ClInclude>
    <ClInclude Include="src\NewProjectDataModel.h">
      <Filter>Header Files</Filter>
    </ClInclude>
    <ClInclude Include="src\JuiceJumpers\ProjectJuiceJumpers.h">
      <Filter>Header Files\Juice Jumpers</Filter>
    </ClInclude>
    <ClInclude Include="GeneratedFiles\ui_resourcelibrary.h">
      <Filter>Generated Files</Filter>
    </ClInclude>
    <ClInclude Include="src\Config.h">
      <Filter>Header Files</Filter>
    </ClInclude>
    <ClInclude Include="src\ResourceLibraryDataModel.h">
      <Filter>Header Files\Resource Library</Filter>
    </ClInclude>
    <ClInclude Include="src\Serializer.h">
      <Filter>Header Files</Filter>
    </ClInclude>
    <ClInclude Include="src\ResourceItemFactory.h">
      <Filter>Header Files\Resource Library</Filter>
    </ClInclude>
    <ClInclude Include="src\ResourceItem.h">
      <Filter>Header Files\Resource Library</Filter>
    </ClInclude>
  </ItemGroup>
  <ItemGroup>
    <CustomBuild Include="ui\mainwindow.ui">
      <Filter>Form Files</Filter>
    </CustomBuild>
    <CustomBuild Include="ui\newproject.ui">
      <Filter>Form Files</Filter>
    </CustomBuild>
    <CustomBuild Include="src\MainWindow.h">
      <Filter>Header Files</Filter>
    </CustomBuild>
    <CustomBuild Include="src\NewProjectDlg.h">
      <Filter>Header Files</Filter>
    </CustomBuild>
    <CustomBuild Include="src\Project.h">
      <Filter>Header Files</Filter>
    </CustomBuild>
    <CustomBuild Include="ui\resourcelibrary.ui">
      <Filter>Form Files</Filter>
    </CustomBuild>
    <CustomBuild Include="src\ResourceLibrary.h">
      <Filter>Header Files\Resource Library</Filter>
    </CustomBuild>
    <CustomBuild Include="src\ResourceLibraryItemDelegate.h">
      <Filter>Header Files\Resource Library</Filter>
    </CustomBuild>
  </ItemGroup>
  <ItemGroup>
    <ClCompile Include="src\main.cpp">
      <Filter>Source Files</Filter>
    </ClCompile>
    <ClCompile Include="src\MainWindow.cpp">
      <Filter>Source Files</Filter>
    </ClCompile>
    <ClCompile Include="src\NewProjectDataModel.cpp">
      <Filter>Source Files</Filter>
    </ClCompile>
    <ClCompile Include="src\NewProjectDlg.cpp">
      <Filter>Source Files</Filter>
    </ClCompile>
    <ClCompile Include="GeneratedFiles\Debug\moc_MainWindow.cpp">
      <Filter>Generated Files\Debug</Filter>
    </ClCompile>
    <ClCompile Include="GeneratedFiles\Release\moc_MainWindow.cpp">
      <Filter>Generated Files\Release</Filter>
    </ClCompile>
    <ClCompile Include="GeneratedFiles\Debug\moc_NewProjectDlg.cpp">
      <Filter>Generated Files\Debug</Filter>
    </ClCompile>
    <ClCompile Include="GeneratedFiles\Release\moc_NewProjectDlg.cpp">
      <Filter>Generated Files\Release</Filter>
    </ClCompile>
    <ClCompile Include="GeneratedFiles\Debug\moc_Project.cpp">
      <Filter>Generated Files\Debug</Filter>
    </ClCompile>
    <ClCompile Include="GeneratedFiles\Release\moc_Project.cpp">
      <Filter>Generated Files\Release</Filter>
    </ClCompile>
    <ClCompile Include="src\JuiceJumpers\ProjectJuiceJumpers.cpp">
      <Filter>Source Files\Juice Jumpers</Filter>
    </ClCompile>
    <ClCompile Include="src\Project.cpp">
      <Filter>Source Files</Filter>
    </ClCompile>
    <ClCompile Include="GeneratedFiles\Debug\moc_ResourceLibrary.cpp">
      <Filter>Generated Files\Debug</Filter>
    </ClCompile>
    <ClCompile Include="GeneratedFiles\Release\moc_ResourceLibrary.cpp">
      <Filter>Generated Files\Release</Filter>
    </ClCompile>
    <ClCompile Include="src\Config.cpp">
      <Filter>Source Files</Filter>
    </ClCompile>
    <ClCompile Include="src\ResourceLibrary.cpp">
      <Filter>Source Files\Resource Library</Filter>
    </ClCompile>
    <ClCompile Include="src\ResourceLibraryDataModel.cpp">
      <Filter>Source Files\Resource Library</Filter>
    </ClCompile>
    <ClCompile Include="src\ResourceLibraryItemDelegate.cpp">
      <Filter>Source Files\Resource Library</Filter>
    </ClCompile>
    <ClCompile Include="GeneratedFiles\Debug\moc_ResourceLibraryItemDelegate.cpp">
      <Filter>Generated Files\Debug</Filter>
    </ClCompile>
    <ClCompile Include="GeneratedFiles\Release\moc_ResourceLibraryItemDelegate.cpp">
      <Filter>Generated Files\Release</Filter>
    </ClCompile>
    <ClCompile Include="src\ResourceItem.cpp">
      <Filter>Source Files\Resource Library</Filter>
    </ClCompile>
  </ItemGroup>
</Project>