<?xml version="1.0" encoding="utf-8"?>
<Project ToolsVersion="4.0" xmlns="http://schemas.microsoft.com/developer/msbuild/2003">
  <ItemGroup>
    <Filter Include="TestFramework">
      <UniqueIdentifier>{57b51902-0dbb-4efb-ad50-7b610802560f}</UniqueIdentifier>
    </Filter>
    <Filter Include="TestFramework\Interface">
      <UniqueIdentifier>{5c64cb10-440c-4991-aeb5-f730bc399526}</UniqueIdentifier>
    </Filter>
    <Filter Include="TestFramework\Implemenation">
      <UniqueIdentifier>{9a7f0421-3ed4-41a1-b1d7-fa52b0633de8}</UniqueIdentifier>
    </Filter>
    <Filter Include="Tests">
      <UniqueIdentifier>{429162e4-5484-4287-994a-0fe49dab45d4}</UniqueIdentifier>
    </Filter>
    <Filter Include="Tests\Debug">
      <UniqueIdentifier>{2aed71b4-4fb0-4068-ae59-e6218b919eb9}</UniqueIdentifier>
    </Filter>
    <Filter Include="Tests\Math">
      <UniqueIdentifier>{29cc5b60-e699-4acb-b2be-f213bd20a3f7}</UniqueIdentifier>
    </Filter>
    <Filter Include="Tests\XML">
      <UniqueIdentifier>{1c41db20-1d2d-403d-813c-709d581b2266}</UniqueIdentifier>
    </Filter>
    <Filter Include="Tests\Math\Helpers">
      <UniqueIdentifier>{516a820a-7e8c-49d0-8fe9-7ddd83f4851f}</UniqueIdentifier>
    </Filter>
    <Filter Include="Tests\Crypto">
      <UniqueIdentifier>{0ca719bd-7554-4a64-8ade-fd0b26279ef5}</UniqueIdentifier>
    </Filter>
  </ItemGroup>
  <ItemGroup>
    <ClCompile Include="..\..\Sources\Core\Debug\Tests\Unittest\DebugTest.cpp">
      <Filter>Tests\Debug</Filter>
    </ClCompile>
    <ClCompile Include="..\..\Sources\Core\Debug\Tests\Unittest\LoggerTest.cpp">
      <Filter>Tests\Debug</Filter>
    </ClCompile>
    <ClCompile Include="..\..\Sources\Core\XML\Tests\Unittest\XMLTest.cpp">
      <Filter>Tests\XML</Filter>
    </ClCompile>
    <ClCompile Include="..\..\Sources\Core\Math\Tests\Unittest\Vector2Test.cpp">
      <Filter>Tests\Math</Filter>
    </ClCompile>
    <ClCompile Include="..\..\Sources\Core\Math\Tests\Unittest\Vector3Test.cpp">
      <Filter>Tests\Math</Filter>
    </ClCompile>
    <ClCompile Include="..\..\Sources\Core\Math\Tests\Unittest\Vector4Test.cpp">
      <Filter>Tests\Math</Filter>
    </ClCompile>
    <ClCompile Include="..\..\Sources\Core\Math\Tests\Unittest\AngleTest.cpp">
      <Filter>Tests\Math</Filter>
    </ClCompile>
    <ClCompile Include="..\..\Sources\Core\Math\Tests\Unittest\ComplexTest.cpp">
      <Filter>Tests\Math</Filter>
    </ClCompile>
    <ClCompile Include="..\..\Sources\Core\Math\Tests\Unittest\Matrix4Test.cpp">
      <Filter>Tests\Math</Filter>
    </ClCompile>
    <ClCompile Include="..\..\Sources\Core\Math\Tests\Unittest\QuaternionTest.cpp">
      <Filter>Tests\Math</Filter>
    </ClCompile>
    <ClCompile Include="..\..\Sources\Core\Math\Tests\Unittest\PlaneTest.cpp">
      <Filter>Tests\Math</Filter>
    </ClCompile>
    <ClCompile Include="..\..\Sources\Core\Math\Tests\Unittest\RectTest.cpp">
      <Filter>Tests\Math</Filter>
    </ClCompile>
    <ClCompile Include="..\..\Sources\Core\Math\Tests\Unittest\CubicSplineTest.cpp">
      <Filter>Tests\Math</Filter>
    </ClCompile>
    <ClCompile Include="..\..\Sources\TestFramework\Implementation\TestBase.cpp">
      <Filter>TestFramework\Implemenation</Filter>
    </ClCompile>
    <ClCompile Include="..\..\Sources\Core\Math\Tests\Unittest\TweenerTest.cpp">
      <Filter>Tests\Math</Filter>
    </ClCompile>
    <ClCompile Include="..\..\Sources\Core\Math\Tests\Unittest\MathTest.cpp">
      <Filter>Tests\Math</Filter>
    </ClCompile>
    <ClCompile Include="..\..\Sources\Core\Math\Tests\Unittest\Helpers\MatrixHelper.cpp">
      <Filter>Tests\Math\Helpers</Filter>
    </ClCompile>
    <ClCompile Include="..\..\Sources\Core\Math\Tests\Unittest\Helpers\VectorHelper.cpp">
      <Filter>Tests\Math\Helpers</Filter>
    </ClCompile>
    <ClCompile Include="..\..\Sources\Core\Math\Tests\Unittest\Helpers\MathHelper.cpp">
      <Filter>Tests\Math\Helpers</Filter>
    </ClCompile>
    <ClCompile Include="..\..\Sources\Core\Math\Tests\Unittest\Helpers\QuaternionHelper.cpp">
      <Filter>Tests\Math\Helpers</Filter>
    </ClCompile>
    <ClCompile Include="..\..\Sources\Core\Math\Tests\Unittest\Helpers\GeneratorHelper.cpp">
      <Filter>Tests\Math\Helpers</Filter>
    </ClCompile>
    <ClCompile Include="..\..\Sources\Core\Math\Tests\Unittest\Line2Test.cpp">
      <Filter>Tests\Math</Filter>
    </ClCompile>
    <ClCompile Include="..\..\Sources\Core\Crypto\Tests\Unittest\CipherXORTest.cpp">
      <Filter>Tests\Crypto</Filter>
    </ClCompile>
  </ItemGroup>
  <ItemGroup>
    <ClInclude Include="..\..\Sources\TestFramework\Interface\TestBase.h">
      <Filter>TestFramework\Interface</Filter>
    </ClInclude>
    <ClInclude Include="..\..\Sources\Core\Math\Tests\Unittest\Helpers\MatrixHelper.h">
      <Filter>Tests\Math\Helpers</Filter>
    </ClInclude>
    <ClInclude Include="..\..\Sources\Core\Math\Tests\Unittest\Helpers\VectorHelper.h">
      <Filter>Tests\Math\Helpers</Filter>
    </ClInclude>
    <ClInclude Include="..\..\Sources\Core\Math\Tests\Unittest\Helpers\MathHelper.h">
      <Filter>Tests\Math\Helpers</Filter>
    </ClInclude>
    <ClInclude Include="..\..\Sources\Core\Math\Tests\Unittest\Helpers\QuaternionHelper.h">
      <Filter>Tests\Math\Helpers</Filter>
    </ClInclude>
    <ClInclude Include="..\..\Sources\Core\Math\Tests\Unittest\Helpers\GeneratorHelper.h">
      <Filter>Tests\Math\Helpers</Filter>
    </ClInclude>
  </ItemGroup>
</Project>