
Microsoft Visual Studio Solution File, Format Version 11.00
# Visual Studio 2010
Project("{8BC9CEB8-8B4A-11D0-8D11-00A0C91BC942}") = "EGETests", "EGETests.vcxproj", "{4B9D0BDB-A41B-46EC-8906-17FE20AC5264}"
	ProjectSection(ProjectDependencies) = postProject
		{34681F0D-CE45-415D-B5F2-5C662DFE3BD5} = {34681F0D-CE45-415D-B5F2-5C662DFE3BD5}
		{E4EF614B-30DF-4954-8C53-580A0BF6B589} = {E4EF614B-30DF-4954-8C53-580A0BF6B589}
		{640BD281-71D7-4CC6-91DB-8381773CC8F4} = {640BD281-71D7-4CC6-91DB-8381773CC8F4}
	EndProjectSection
EndProject
Project("{2150E333-8FDC-42A3-9474-1A3956D46DE8}") = "EGE", "EGE", "{2A97231A-3BF7-46E9-87EF-318ADB58B39F}"
EndProject
Project("{8BC9CEB8-8B4A-11D0-8D11-00A0C91BC942}") = "EGE", "EGE.vcxproj", "{640BD281-71D7-4CC6-91DB-8381773CC8F4}"
	ProjectSection(ProjectDependencies) = postProject
		{A3A84737-5017-4577-B8A2-79429A25B8B6} = {A3A84737-5017-4577-B8A2-79429A25B8B6}
		{9558633A-30AD-4309-BC0F-E9A45DB9B2B9} = {9558633A-30AD-4309-BC0F-E9A45DB9B2B9}
		{0697D285-5C52-44B0-A9F9-11824A857A66} = {0697D285-5C52-44B0-A9F9-11824A857A66}
		{9E7ECDDF-C76E-4013-83A0-7D67125D7511} = {9E7ECDDF-C76E-4013-83A0-7D67125D7511}
		{90B6C2E4-0188-4552-AD48-15C26CE84838} = {90B6C2E4-0188-4552-AD48-15C26CE84838}
	EndProjectSection
EndProject
Project("{8BC9CEB8-8B4A-11D0-8D11-00A0C91BC942}") = "tinyxmlSTL", "..\..\External\tinyxml 2.6.1\tinyxmlSTL.vcxproj", "{A3A84737-5017-4577-B8A2-79429A25B8B6}"
EndProject
Project("{8BC9CEB8-8B4A-11D0-8D11-00A0C91BC942}") = "JpegLib", "..\..\External\JpegLib\JpegLib.vcxproj", "{9E7ECDDF-C76E-4013-83A0-7D67125D7511}"
EndProject
Project("{8BC9CEB8-8B4A-11D0-8D11-00A0C91BC942}") = "libpng", "..\..\External\PNGLib\libpng.vcxproj", "{9558633A-30AD-4309-BC0F-E9A45DB9B2B9}"
EndProject
Project("{8BC9CEB8-8B4A-11D0-8D11-00A0C91BC942}") = "ZLib", "..\..\External\Zlib\ZLib.vcxproj", "{0697D285-5C52-44B0-A9F9-11824A857A66}"
EndProject
Project("{8BC9CEB8-8B4A-11D0-8D11-00A0C91BC942}") = "Box2D", "..\..\External\Box2D 2.1.2\Box2D\Build\Box2D\Box2D.vcxproj", "{90B6C2E4-0188-4552-AD48-15C26CE84838}"
EndProject
Project("{8BC9CEB8-8B4A-11D0-8D11-00A0C91BC942}") = "Sqlite3", "..\..\External\Sqlite 3.8.3.1\Sqlite3.vcxproj", "{2F0A47B4-EFFE-4754-8316-F60A1AF2D13A}"
EndProject
Project("{2150E333-8FDC-42A3-9474-1A3956D46DE8}") = "GMock", "GMock", "{828314F5-2FEC-4D61-920D-F053D690D9E1}"
EndProject
Project("{8BC9CEB8-8B4A-11D0-8D11-00A0C91BC942}") = "gmock", "..\..\External\gmock-1.7.0\msvc\2010\gmock.vcxproj", "{34681F0D-CE45-415D-B5F2-5C662DFE3BD5}"
EndProject
Project("{8BC9CEB8-8B4A-11D0-8D11-00A0C91BC942}") = "gmock_main", "..\..\External\gmock-1.7.0\msvc\2010\gmock_main.vcxproj", "{E4EF614B-30DF-4954-8C53-580A0BF6B589}"
EndProject
Global
	GlobalSection(SolutionConfigurationPlatforms) = preSolution
		Debug|Win32 = Debug|Win32
		Debug|x64 = Debug|x64
		Release|Win32 = Release|Win32
		Release|x64 = Release|x64
	EndGlobalSection
	GlobalSection(ProjectConfigurationPlatforms) = postSolution
		{4B9D0BDB-A41B-46EC-8906-17FE20AC5264}.Debug|Win32.ActiveCfg = Debug|Win32
		{4B9D0BDB-A41B-46EC-8906-17FE20AC5264}.Debug|Win32.Build.0 = Debug|Win32
		{4B9D0BDB-A41B-46EC-8906-17FE20AC5264}.Debug|x64.ActiveCfg = Debug|Win32
		{4B9D0BDB-A41B-46EC-8906-17FE20AC5264}.Release|Win32.ActiveCfg = Release|Win32
		{4B9D0BDB-A41B-46EC-8906-17FE20AC5264}.Release|Win32.Build.0 = Release|Win32
		{4B9D0BDB-A41B-46EC-8906-17FE20AC5264}.Release|x64.ActiveCfg = Release|Win32
		{640BD281-71D7-4CC6-91DB-8381773CC8F4}.Debug|Win32.ActiveCfg = Debug - GLfixed|Win32
		{640BD281-71D7-4CC6-91DB-8381773CC8F4}.Debug|Win32.Build.0 = Debug - GLfixed|Win32
		{640BD281-71D7-4CC6-91DB-8381773CC8F4}.Debug|x64.ActiveCfg = Debug - OGL FPL ST|Win32
		{640BD281-71D7-4CC6-91DB-8381773CC8F4}.Release|Win32.ActiveCfg = Release - GLfixed|Win32
		{640BD281-71D7-4CC6-91DB-8381773CC8F4}.Release|Win32.Build.0 = Release - GLfixed|Win32
		{640BD281-71D7-4CC6-91DB-8381773CC8F4}.Release|x64.ActiveCfg = Release - OGL FPL MT|Win32
		{A3A84737-5017-4577-B8A2-79429A25B8B6}.Debug|Win32.ActiveCfg = Debug|Win32
		{A3A84737-5017-4577-B8A2-79429A25B8B6}.Debug|Win32.Build.0 = Debug|Win32
		{A3A84737-5017-4577-B8A2-79429A25B8B6}.Debug|x64.ActiveCfg = Debug|Win32
		{A3A84737-5017-4577-B8A2-79429A25B8B6}.Release|Win32.ActiveCfg = Release|Win32
		{A3A84737-5017-4577-B8A2-79429A25B8B6}.Release|Win32.Build.0 = Release|Win32
		{A3A84737-5017-4577-B8A2-79429A25B8B6}.Release|x64.ActiveCfg = Release|Win32
		{9E7ECDDF-C76E-4013-83A0-7D67125D7511}.Debug|Win32.ActiveCfg = Debug|Win32
		{9E7ECDDF-C76E-4013-83A0-7D67125D7511}.Debug|Win32.Build.0 = Debug|Win32
		{9E7ECDDF-C76E-4013-83A0-7D67125D7511}.Debug|x64.ActiveCfg = Debug|Win32
		{9E7ECDDF-C76E-4013-83A0-7D67125D7511}.Release|Win32.ActiveCfg = Release|Win32
		{9E7ECDDF-C76E-4013-83A0-7D67125D7511}.Release|Win32.Build.0 = Release|Win32
		{9E7ECDDF-C76E-4013-83A0-7D67125D7511}.Release|x64.ActiveCfg = Release|Win32
		{9558633A-30AD-4309-BC0F-E9A45DB9B2B9}.Debug|Win32.ActiveCfg = Debug|Win32
		{9558633A-30AD-4309-BC0F-E9A45DB9B2B9}.Debug|Win32.Build.0 = Debug|Win32
		{9558633A-30AD-4309-BC0F-E9A45DB9B2B9}.Debug|x64.ActiveCfg = Debug|Win32
		{9558633A-30AD-4309-BC0F-E9A45DB9B2B9}.Release|Win32.ActiveCfg = Release|Win32
		{9558633A-30AD-4309-BC0F-E9A45DB9B2B9}.Release|Win32.Build.0 = Release|Win32
		{9558633A-30AD-4309-BC0F-E9A45DB9B2B9}.Release|x64.ActiveCfg = Release|Win32
		{0697D285-5C52-44B0-A9F9-11824A857A66}.Debug|Win32.ActiveCfg = Debug|Win32
		{0697D285-5C52-44B0-A9F9-11824A857A66}.Debug|Win32.Build.0 = Debug|Win32
		{0697D285-5C52-44B0-A9F9-11824A857A66}.Debug|x64.ActiveCfg = Debug|Win32
		{0697D285-5C52-44B0-A9F9-11824A857A66}.Release|Win32.ActiveCfg = Release|Win32
		{0697D285-5C52-44B0-A9F9-11824A857A66}.Release|Win32.Build.0 = Release|Win32
		{0697D285-5C52-44B0-A9F9-11824A857A66}.Release|x64.ActiveCfg = Release|Win32
		{90B6C2E4-0188-4552-AD48-15C26CE84838}.Debug|Win32.ActiveCfg = Debug|Win32
		{90B6C2E4-0188-4552-AD48-15C26CE84838}.Debug|Win32.Build.0 = Debug|Win32
		{90B6C2E4-0188-4552-AD48-15C26CE84838}.Debug|x64.ActiveCfg = Debug|x64
		{90B6C2E4-0188-4552-AD48-15C26CE84838}.Debug|x64.Build.0 = Debug|x64
		{90B6C2E4-0188-4552-AD48-15C26CE84838}.Release|Win32.ActiveCfg = Release|Win32
		{90B6C2E4-0188-4552-AD48-15C26CE84838}.Release|Win32.Build.0 = Release|Win32
		{90B6C2E4-0188-4552-AD48-15C26CE84838}.Release|x64.ActiveCfg = Release|x64
		{90B6C2E4-0188-4552-AD48-15C26CE84838}.Release|x64.Build.0 = Release|x64
		{2F0A47B4-EFFE-4754-8316-F60A1AF2D13A}.Debug|Win32.ActiveCfg = Debug|Win32
		{2F0A47B4-EFFE-4754-8316-F60A1AF2D13A}.Debug|Win32.Build.0 = Debug|Win32
		{2F0A47B4-EFFE-4754-8316-F60A1AF2D13A}.Debug|x64.ActiveCfg = Debug|Win32
		{2F0A47B4-EFFE-4754-8316-F60A1AF2D13A}.Release|Win32.ActiveCfg = Release|Win32
		{2F0A47B4-EFFE-4754-8316-F60A1AF2D13A}.Release|Win32.Build.0 = Release|Win32
		{2F0A47B4-EFFE-4754-8316-F60A1AF2D13A}.Release|x64.ActiveCfg = Release|Win32
		{34681F0D-CE45-415D-B5F2-5C662DFE3BD5}.Debug|Win32.ActiveCfg = Debug|Win32
		{34681F0D-CE45-415D-B5F2-5C662DFE3BD5}.Debug|Win32.Build.0 = Debug|Win32
		{34681F0D-CE45-415D-B5F2-5C662DFE3BD5}.Debug|x64.ActiveCfg = Debug|Win32
		{34681F0D-CE45-415D-B5F2-5C662DFE3BD5}.Release|Win32.ActiveCfg = Release|Win32
		{34681F0D-CE45-415D-B5F2-5C662DFE3BD5}.Release|Win32.Build.0 = Release|Win32
		{34681F0D-CE45-415D-B5F2-5C662DFE3BD5}.Release|x64.ActiveCfg = Release|Win32
		{E4EF614B-30DF-4954-8C53-580A0BF6B589}.Debug|Win32.ActiveCfg = Debug|Win32
		{E4EF614B-30DF-4954-8C53-580A0BF6B589}.Debug|Win32.Build.0 = Debug|Win32
		{E4EF614B-30DF-4954-8C53-580A0BF6B589}.Debug|x64.ActiveCfg = Debug|Win32
		{E4EF614B-30DF-4954-8C53-580A0BF6B589}.Release|Win32.ActiveCfg = Release|Win32
		{E4EF614B-30DF-4954-8C53-580A0BF6B589}.Release|Win32.Build.0 = Release|Win32
		{E4EF614B-30DF-4954-8C53-580A0BF6B589}.Release|x64.ActiveCfg = Release|Win32
	EndGlobalSection
	GlobalSection(SolutionProperties) = preSolution
		HideSolutionNode = FALSE
	EndGlobalSection
	GlobalSection(NestedProjects) = preSolution
		{640BD281-71D7-4CC6-91DB-8381773CC8F4} = {2A97231A-3BF7-46E9-87EF-318ADB58B39F}
		{A3A84737-5017-4577-B8A2-79429A25B8B6} = {2A97231A-3BF7-46E9-87EF-318ADB58B39F}
		{9E7ECDDF-C76E-4013-83A0-7D67125D7511} = {2A97231A-3BF7-46E9-87EF-318ADB58B39F}
		{9558633A-30AD-4309-BC0F-E9A45DB9B2B9} = {2A97231A-3BF7-46E9-87EF-318ADB58B39F}
		{0697D285-5C52-44B0-A9F9-11824A857A66} = {2A97231A-3BF7-46E9-87EF-318ADB58B39F}
		{90B6C2E4-0188-4552-AD48-15C26CE84838} = {2A97231A-3BF7-46E9-87EF-318ADB58B39F}
		{2F0A47B4-EFFE-4754-8316-F60A1AF2D13A} = {2A97231A-3BF7-46E9-87EF-318ADB58B39F}
		{34681F0D-CE45-415D-B5F2-5C662DFE3BD5} = {828314F5-2FEC-4D61-920D-F053D690D9E1}
		{E4EF614B-30DF-4954-8C53-580A0BF6B589} = {828314F5-2FEC-4D61-920D-F053D690D9E1}
	EndGlobalSection
EndGlobal
