<?xml version="1.0" encoding="utf-8"?>
<Project ToolsVersion="4.0" xmlns="http://schemas.microsoft.com/developer/msbuild/2003">
  <ItemGroup>
    <Filter Include="Generated Files">
      <UniqueIdentifier>{71ED8ED8-ACB9-4CE9-BBE1-E00B30144E11}</UniqueIdentifier>
      <Extensions>cpp;c;cxx;moc;h;def;odl;idl;res;</Extensions>
    </Filter>
    <Filter Include="Generated Files">
      <UniqueIdentifier>{71ED8ED8-ACB9-4CE9-BBE1-E00B30144E11}</UniqueIdentifier>
      <Extensions>cpp;c;cxx;moc;h;def;odl;idl;res;</Extensions>
    </Filter>
    <Filter Include="Header Files">
      <UniqueIdentifier>{93995380-89BD-4b04-88EB-625FBE52EBFB}</UniqueIdentifier>
      <Extensions>h;hpp;hxx;hm;inl;inc;xsd</Extensions>
    </Filter>
    <Filter Include="Header Files">
      <UniqueIdentifier>{93995380-89BD-4b04-88EB-625FBE52EBFB}</UniqueIdentifier>
      <Extensions>h;hpp;hxx;hm;inl;inc;xsd</Extensions>
    </Filter>
    <Filter Include="Source Files">
      <UniqueIdentifier>{4FC737F1-C7A5-4376-A066-2A32D752A2FF}</UniqueIdentifier>
      <Extensions>cpp;c;cxx;def;odl;idl;hpj;bat;asm;asmx</Extensions>
    </Filter>
    <Filter Include="Source Files">
      <UniqueIdentifier>{4FC737F1-C7A5-4376-A066-2A32D752A2FF}</UniqueIdentifier>
      <Extensions>cpp;c;cxx;def;odl;idl;hpj;bat;asm;asmx</Extensions>
    </Filter>
    <Filter Include="Generated Files\Debug">
      <UniqueIdentifier>{13400eb7-eb9d-48c1-a831-cbae9e354a42}</UniqueIdentifier>
      <Extensions>cpp;moc</Extensions>
      <SourceControlFiles>False</SourceControlFiles>
    </Filter>
    <Filter Include="Generated Files\Release">
      <UniqueIdentifier>{6a230c55-184a-4321-b58b-c0da310b06b8}</UniqueIdentifier>
      <Extensions>cpp;moc</Extensions>
      <SourceControlFiles>False</SourceControlFiles>
    </Filter>
  </ItemGroup>
  <ItemGroup>
    <ClCompile Include="SwfDataStream.cpp">
      <Filter>Source Files</Filter>
    </ClCompile>
    <ClCompile Include="SwfFile.cpp">
      <Filter>Source Files</Filter>
    </ClCompile>
    <ClCompile Include="SwfHeader.cpp">
      <Filter>Source Files</Filter>
    </ClCompile>
    <ClCompile Include="SwfParser.cpp">
      <Filter>Source Files</Filter>
    </ClCompile>
    <ClCompile Include="main.cpp">
      <Filter>Source Files</Filter>
    </ClCompile>
    <ClCompile Include="Debug\moc_SwfFile.cpp">
      <Filter>Generated Files\Debug</Filter>
    </ClCompile>
    <ClCompile Include="Release\moc_SwfFile.cpp">
      <Filter>Generated Files\Release</Filter>
    </ClCompile>
    <ClCompile Include="Debug\moc_SwfParser.cpp">
      <Filter>Generated Files\Debug</Filter>
    </ClCompile>
    <ClCompile Include="Release\moc_SwfParser.cpp">
      <Filter>Generated Files\Release</Filter>
    </ClCompile>
    <ClCompile Include="SwfTag.cpp">
      <Filter>Source Files</Filter>
    </ClCompile>
    <ClCompile Include="SwfFileAttributeTag.cpp">
      <Filter>Source Files</Filter>
    </ClCompile>
    <ClCompile Include="SwfSetBackgroundColorTag.cpp">
      <Filter>Source Files</Filter>
    </ClCompile>
    <ClCompile Include="SwfDefineBitsJpeg3Tag.cpp">
      <Filter>Source Files</Filter>
    </ClCompile>
    <ClCompile Include="SwfDefineShapeTag.cpp">
      <Filter>Source Files</Filter>
    </ClCompile>
    <ClCompile Include="SwfPlaceObject2Tag.cpp">
      <Filter>Source Files</Filter>
    </ClCompile>
    <ClCompile Include="SwfShowFrameTag.cpp">
      <Filter>Source Files</Filter>
    </ClCompile>
    <ClCompile Include="SwfEndTag.cpp">
      <Filter>Source Files</Filter>
    </ClCompile>
  </ItemGroup>
  <ItemGroup>
    <ClInclude Include="SwfDataStream.h">
      <Filter>Header Files</Filter>
    </ClInclude>
    <CustomBuild Include="SwfFile.h">
      <Filter>Header Files</Filter>
    </CustomBuild>
    <ClInclude Include="SwfHeader.h">
      <Filter>Header Files</Filter>
    </ClInclude>
    <CustomBuild Include="SwfParser.h">
      <Filter>Header Files</Filter>
    </CustomBuild>
    <ClInclude Include="SwfTypes.h">
      <Filter>Header Files</Filter>
    </ClInclude>
    <ClInclude Include="SwfTag.h">
      <Filter>Header Files</Filter>
    </ClInclude>
    <ClInclude Include="SwfFileAttributeTag.h">
      <Filter>Header Files</Filter>
    </ClInclude>
    <ClInclude Include="SwfSetBackgroundColorTag.h">
      <Filter>Header Files</Filter>
    </ClInclude>
    <ClInclude Include="SwfDefineBitsJpeg3Tag.h">
      <Filter>Header Files</Filter>
    </ClInclude>
    <ClInclude Include="SwfDefineShapeTag.h">
      <Filter>Header Files</Filter>
    </ClInclude>
    <ClInclude Include="SwfPlaceObject2Tag.h">
      <Filter>Header Files</Filter>
    </ClInclude>
    <ClInclude Include="SwfShowFrameTag.h">
      <Filter>Header Files</Filter>
    </ClInclude>
    <ClInclude Include="SwfEndTag.h">
      <Filter>Header Files</Filter>
    </ClInclude>
  </ItemGroup>
</Project>